
Microsoft Visual Studio Solution File, Format Version 12.00
# Visual Studio Version 16
VisualStudioVersion = 16.0.30907.101
MinimumVisualStudioVersion = 10.0.40219.1
Project("{FAE04EC0-301F-11D3-BF4B-00C04F79EFBC}") = "ConsoleUI", "ConsoleUI\ConsoleUI.csproj", "{1F9B0FF5-E248-4A78-90D7-CF9D83A63CCC}"
EndProject
Project("{FAE04EC0-301F-11D3-BF4B-00C04F79EFBC}") = "DataAccess", "DataAccess\DataAccess.csproj", "{583CA4DE-3E98-4200-9DB4-2FBD43D60800}"
EndProject
Project("{FAE04EC0-301F-11D3-BF4B-00C04F79EFBC}") = "Business", "Business\Business.csproj", "{A1B0B3CD-3921-4872-8773-54D976974657}"
EndProject
Project("{FAE04EC0-301F-11D3-BF4B-00C04F79EFBC}") = "Entity", "Entity\Entity.csproj", "{DA6B5C31-565D-4A72-A7B9-D4FB26BFD6C2}"
EndProject
Project("{FAE04EC0-301F-11D3-BF4B-00C04F79EFBC}") = "Core", "Core\Core.csproj", "{5335F1E2-2488-4C3B-B26D-0DC6D1D2EA6C}"
EndProject
Global
	GlobalSection(SolutionConfigurationPlatforms) = preSolution
		Debug|Any CPU = Debug|Any CPU
		Release|Any CPU = Release|Any CPU
	EndGlobalSection
	GlobalSection(ProjectConfigurationPlatforms) = postSolution
		{1F9B0FF5-E248-4A78-90D7-CF9D83A63CCC}.Debug|Any CPU.ActiveCfg = Debug|Any CPU
		{1F9B0FF5-E248-4A78-90D7-CF9D83A63CCC}.Debug|Any CPU.Build.0 = Debug|Any CPU
		{1F9B0FF5-E248-4A78-90D7-CF9D83A63CCC}.Release|Any CPU.ActiveCfg = Release|Any CPU
		{1F9B0FF5-E248-4A78-90D7-CF9D83A63CCC}.Release|Any CPU.Build.0 = Release|Any CPU
		{583CA4DE-3E98-4200-9DB4-2FBD43D60800}.Debug|Any CPU.ActiveCfg = Debug|Any CPU
		{583CA4DE-3E98-4200-9DB4-2FBD43D60800}.Debug|Any CPU.Build.0 = Debug|Any CPU
		{583CA4DE-3E98-4200-9DB4-2FBD43D60800}.Release|Any CPU.ActiveCfg = Release|Any CPU
		{583CA4DE-3E98-4200-9DB4-2FBD43D60800}.Release|Any CPU.Build.0 = Release|Any CPU
		{A1B0B3CD-3921-4872-8773-54D976974657}.Debug|Any CPU.ActiveCfg = Debug|Any CPU
		{A1B0B3CD-3921-4872-8773-54D976974657}.Debug|Any CPU.Build.0 = Debug|Any CPU
		{A1B0B3CD-3921-4872-8773-54D976974657}.Release|Any CPU.ActiveCfg = Release|Any CPU
		{A1B0B3CD-3921-4872-8773-54D976974657}.Release|Any CPU.Build.0 = Release|Any CPU
		{DA6B5C31-565D-4A72-A7B9-D4FB26BFD6C2}.Debug|Any CPU.ActiveCfg = Debug|Any CPU
		{DA6B5C31-565D-4A72-A7B9-D4FB26BFD6C2}.Debug|Any CPU.Build.0 = Debug|Any CPU
		{DA6B5C31-565D-4A72-A7B9-D4FB26BFD6C2}.Release|Any CPU.ActiveCfg = Release|Any CPU
		{DA6B5C31-565D-4A72-A7B9-D4FB26BFD6C2}.Release|Any CPU.Build.0 = Release|Any CPU
		{5335F1E2-2488-4C3B-B26D-0DC6D1D2EA6C}.Debug|Any CPU.ActiveCfg = Debug|Any CPU
		{5335F1E2-2488-4C3B-B26D-0DC6D1D2EA6C}.Debug|Any CPU.Build.0 = Debug|Any CPU
		{5335F1E2-2488-4C3B-B26D-0DC6D1D2EA6C}.Release|Any CPU.ActiveCfg = Release|Any CPU
		{5335F1E2-2488-4C3B-B26D-0DC6D1D2EA6C}.Release|Any CPU.Build.0 = Release|Any CPU
	EndGlobalSection
	GlobalSection(SolutionProperties) = preSolution
		HideSolutionNode = FALSE
	EndGlobalSection
	GlobalSection(ExtensibilityGlobals) = postSolution
		SolutionGuid = {C6ABECD0-0DB2-4621-8B8C-E2BB1ED737BB}
	EndGlobalSection
EndGlobal
